{
  "name": "project",
  "version": "1.0.0",
  "lockfileVersion": 2,
  "requires": true,
  "packages": {
    "": {
      "name": "project",
      "version": "1.0.0",
      "license": "ISC",
      "dependencies": {
        "requets": "^0.0.1-security"
      }
    },
    "node_modules/requets": {
      "version": "0.0.1-security",
      "resolved": "https://registry.npmjs.org/requets/-/requets-0.0.1-security.tgz",
      "integrity": "sha512-HBjtK7O0c3NrAv7Rp84nEsFrFbFIkCA5f+X8qJggIi6aLnnlQNGDuuk6eV3+0ckrJq8Wr+SzSS4+3RLtZ8ETDA=="
    }
  },
  "dependencies": {
    "requets": {
      "version": "0.0.1-security",
      "resolved": "https://registry.npmjs.org/requets/-/requets-0.0.1-security.tgz",
      "integrity": "sha512-HBjtK7O0c3NrAv7Rp84nEsFrFbFIkCA5f+X8qJggIi6aLnnlQNGDuuk6eV3+0ckrJq8Wr+SzSS4+3RLtZ8ETDA=="
    }
  }
}
